
Microsoft Visual Studio Solution File, Format Version 12.00
# Visual Studio Version 17
VisualStudioVersion = 17.5.002.0
MinimumVisualStudioVersion = 10.0.40219.1
Project("{9A19103F-16F7-4668-BE54-9A1E7A4F7556}") = "newTask", "newTask.csproj", "{2177FFA3-A93A-4B9E-9422-762711F091FC}"
EndProject
Global
	GlobalSection(SolutionConfigurationPlatforms) = preSolution
		Debug|Any CPU = Debug|Any CPU
		Release|Any CPU = Release|Any CPU
	EndGlobalSection
	GlobalSection(ProjectConfigurationPlatforms) = postSolution
		{2177FFA3-A93A-4B9E-9422-762711F091FC}.Debug|Any CPU.ActiveCfg = Debug|Any CPU
		{2177FFA3-A93A-4B9E-9422-762711F091FC}.Debug|Any CPU.Build.0 = Debug|Any CPU
		{2177FFA3-A93A-4B9E-9422-762711F091FC}.Release|Any CPU.ActiveCfg = Release|Any CPU
		{2177FFA3-A93A-4B9E-9422-762711F091FC}.Release|Any CPU.Build.0 = Release|Any CPU
	EndGlobalSection
	GlobalSection(SolutionProperties) = preSolution
		HideSolutionNode = FALSE
	EndGlobalSection
	GlobalSection(ExtensibilityGlobals) = postSolution
		SolutionGuid = {E96D6622-5B76-493D-8383-65C92038E788}
	EndGlobalSection
EndGlobal
